# This file is automatically @generated by Cargo.
# It is not intended for manual editing.
version = 3

[[package]]
name = "day_1"
version = "0.1.0"
dependencies = [
 "iter-first-max",
]

[[package]]
name = "iter-first-max"
version = "0.1.2"
source = "registry+https://github.com/rust-lang/crates.io-index"
checksum = "42ace18d32276b4ce7d8261c06b376398a4ea82e4715a5b37e46fddbff41a617"
